
Microsoft Visual Studio Solution File, Format Version 12.00
# Visual Studio 15
VisualStudioVersion = 15.0.28307.136
MinimumVisualStudioVersion = 10.0.40219.1
Project("{FAE04EC0-301F-11D3-BF4B-00C04F79EFBC}") = "SignalrPower", "SignalrPower\SignalrPower.csproj", "{43F220EB-A5B0-4B2A-BCC4-FB391662D88F}"
EndProject
Global
	GlobalSection(SolutionConfigurationPlatforms) = preSolution
		Debug|Any CPU = Debug|Any CPU
		Release|Any CPU = Release|Any CPU
	EndGlobalSection
	GlobalSection(ProjectConfigurationPlatforms) = postSolution
		{43F220EB-A5B0-4B2A-BCC4-FB391662D88F}.Debug|Any CPU.ActiveCfg = Debug|Any CPU
		{43F220EB-A5B0-4B2A-BCC4-FB391662D88F}.Debug|Any CPU.Build.0 = Debug|Any CPU
		{43F220EB-A5B0-4B2A-BCC4-FB391662D88F}.Release|Any CPU.ActiveCfg = Release|Any CPU
		{43F220EB-A5B0-4B2A-BCC4-FB391662D88F}.Release|Any CPU.Build.0 = Release|Any CPU
	EndGlobalSection
	GlobalSection(SolutionProperties) = preSolution
		HideSolutionNode = FALSE
	EndGlobalSection
	GlobalSection(ExtensibilityGlobals) = postSolution
		SolutionGuid = {02B9823E-D791-4E48-9789-FE37CC3793DA}
	EndGlobalSection
EndGlobal
